
Microsoft Visual Studio Solution File, Format Version 12.00
# Visual Studio Version 16
VisualStudioVersion = 16.0.30413.136
MinimumVisualStudioVersion = 10.0.40219.1
Project("{FAE04EC0-301F-11D3-BF4B-00C04F79EFBC}") = "Ucitelsky_system", "Ucitelsky_system\Ucitelsky_system.csproj", "{822238FB-3FA2-43F0-9819-1F6D18E1902B}"
EndProject
Global
	GlobalSection(SolutionConfigurationPlatforms) = preSolution
		Debug|Any CPU = Debug|Any CPU
		Release|Any CPU = Release|Any CPU
	EndGlobalSection
	GlobalSection(ProjectConfigurationPlatforms) = postSolution
		{822238FB-3FA2-43F0-9819-1F6D18E1902B}.Debug|Any CPU.ActiveCfg = Debug|Any CPU
		{822238FB-3FA2-43F0-9819-1F6D18E1902B}.Debug|Any CPU.Build.0 = Debug|Any CPU
		{822238FB-3FA2-43F0-9819-1F6D18E1902B}.Release|Any CPU.ActiveCfg = Release|Any CPU
		{822238FB-3FA2-43F0-9819-1F6D18E1902B}.Release|Any CPU.Build.0 = Release|Any CPU
	EndGlobalSection
	GlobalSection(SolutionProperties) = preSolution
		HideSolutionNode = FALSE
	EndGlobalSection
	GlobalSection(ExtensibilityGlobals) = postSolution
		SolutionGuid = {FFD0B022-DE13-4B7A-942D-D227308A8569}
	EndGlobalSection
EndGlobal
